
Microsoft Visual Studio Solution File, Format Version 12.00
# Visual Studio Version 17
VisualStudioVersion = 17.2.32630.192
MinimumVisualStudioVersion = 10.0.40219.1
Project("{2150E333-8FDC-42A3-9474-1A3956D46DE8}") = "src", "src", "{4BC11D64-70B2-47C5-91B5-CD5F1EB21AEF}"
EndProject
Project("{9A19103F-16F7-4668-BE54-9A1E7A4F7556}") = "CleanArchitectureDotNet.Mvc", "src\CleanArchitectureDotNet.Mvc\CleanArchitectureDotNet.Mvc.csproj", "{53059D46-B19E-484C-8845-EF6201854CEC}"
EndProject
Project("{2150E333-8FDC-42A3-9474-1A3956D46DE8}") = "Presentation", "Presentation", "{F1D3A520-3012-478A-91F5-07F8B7B833DD}"
EndProject
Project("{2150E333-8FDC-42A3-9474-1A3956D46DE8}") = "docs", "docs", "{62AD51FE-5465-4D6C-BB4F-B57484A2789A}"
	ProjectSection(SolutionItems) = preProject
		README.md = README.md
	EndProjectSection
EndProject
Project("{2150E333-8FDC-42A3-9474-1A3956D46DE8}") = "Domain", "Domain", "{94CC8B1F-BF86-425D-943D-356C0AA8AC82}"
EndProject
Project("{9A19103F-16F7-4668-BE54-9A1E7A4F7556}") = "CleanArchitectureDotNet.Domain", "src\CleanArchitectureDotNet.Domain\CleanArchitectureDotNet.Domain.csproj", "{8AE4F01E-7F02-473E-BCD9-6C57C26968C5}"
EndProject
Project("{2150E333-8FDC-42A3-9474-1A3956D46DE8}") = "Infrastructure", "Infrastructure", "{C304F959-F0C4-453B-AC5F-AB3CBE0B8178}"
EndProject
Project("{9A19103F-16F7-4668-BE54-9A1E7A4F7556}") = "CleanArchitectureDotNet.Data", "src\CleanArchitectureDotNet.Data\CleanArchitectureDotNet.Data.csproj", "{AE9FDE2D-5B49-4A8B-AD52-C91785D4179E}"
EndProject
Project("{2150E333-8FDC-42A3-9474-1A3956D46DE8}") = "Application", "Application", "{CEDCDD96-B804-4EE8-A2A7-264F278A4227}"
EndProject
Project("{9A19103F-16F7-4668-BE54-9A1E7A4F7556}") = "CleanArchitectureDotNet.Application", "src\CleanArchitectureDotNet.Application\CleanArchitectureDotNet.Application.csproj", "{50490640-351A-4F52-80CD-62085079F0A9}"
EndProject
Project("{9A19103F-16F7-4668-BE54-9A1E7A4F7556}") = "CleanArchitectureDotNet.IoC", "src\CleanArchitectureDotNet.IoC\CleanArchitectureDotNet.IoC.csproj", "{8FEE019F-C34A-4B42-9103-7033BC80F691}"
EndProject
Project("{9A19103F-16F7-4668-BE54-9A1E7A4F7556}") = "CleanArchitectureDotNet.Bus", "src\CleanArchitectureDotNet.Bus\CleanArchitectureDotNet.Bus.csproj", "{F0A6754D-BA3B-4C30-9606-BFF736DAFA0F}"
EndProject
Project("{9A19103F-16F7-4668-BE54-9A1E7A4F7556}") = "CleanArchitectureDotNet.Domain.Core", "src\CleanArchitectureDotNet.Domain.Core\CleanArchitectureDotNet.Domain.Core.csproj", "{1A80822B-69C2-4434-8BC1-9EC3D0D944BF}"
EndProject
Project("{FAE04EC0-301F-11D3-BF4B-00C04F79EFBC}") = "CleanArchitectureDotNet.Api", "src\CleanArchitectureDotNet.Api\CleanArchitectureDotNet.Api.csproj", "{664964D3-DFB1-48B5-8B69-7E5D8B558AAE}"
EndProject
Global
	GlobalSection(SolutionConfigurationPlatforms) = preSolution
		Debug|Any CPU = Debug|Any CPU
		Release|Any CPU = Release|Any CPU
	EndGlobalSection
	GlobalSection(ProjectConfigurationPlatforms) = postSolution
		{53059D46-B19E-484C-8845-EF6201854CEC}.Debug|Any CPU.ActiveCfg = Debug|Any CPU
		{53059D46-B19E-484C-8845-EF6201854CEC}.Debug|Any CPU.Build.0 = Debug|Any CPU
		{53059D46-B19E-484C-8845-EF6201854CEC}.Release|Any CPU.ActiveCfg = Release|Any CPU
		{53059D46-B19E-484C-8845-EF6201854CEC}.Release|Any CPU.Build.0 = Release|Any CPU
		{8AE4F01E-7F02-473E-BCD9-6C57C26968C5}.Debug|Any CPU.ActiveCfg = Debug|Any CPU
		{8AE4F01E-7F02-473E-BCD9-6C57C26968C5}.Debug|Any CPU.Build.0 = Debug|Any CPU
		{8AE4F01E-7F02-473E-BCD9-6C57C26968C5}.Release|Any CPU.ActiveCfg = Release|Any CPU
		{8AE4F01E-7F02-473E-BCD9-6C57C26968C5}.Release|Any CPU.Build.0 = Release|Any CPU
		{AE9FDE2D-5B49-4A8B-AD52-C91785D4179E}.Debug|Any CPU.ActiveCfg = Debug|Any CPU
		{AE9FDE2D-5B49-4A8B-AD52-C91785D4179E}.Debug|Any CPU.Build.0 = Debug|Any CPU
		{AE9FDE2D-5B49-4A8B-AD52-C91785D4179E}.Release|Any CPU.ActiveCfg = Release|Any CPU
		{AE9FDE2D-5B49-4A8B-AD52-C91785D4179E}.Release|Any CPU.Build.0 = Release|Any CPU
		{50490640-351A-4F52-80CD-62085079F0A9}.Debug|Any CPU.ActiveCfg = Debug|Any CPU
		{50490640-351A-4F52-80CD-62085079F0A9}.Debug|Any CPU.Build.0 = Debug|Any CPU
		{50490640-351A-4F52-80CD-62085079F0A9}.Release|Any CPU.ActiveCfg = Release|Any CPU
		{50490640-351A-4F52-80CD-62085079F0A9}.Release|Any CPU.Build.0 = Release|Any CPU
		{8FEE019F-C34A-4B42-9103-7033BC80F691}.Debug|Any CPU.ActiveCfg = Debug|Any CPU
		{8FEE019F-C34A-4B42-9103-7033BC80F691}.Debug|Any CPU.Build.0 = Debug|Any CPU
		{8FEE019F-C34A-4B42-9103-7033BC80F691}.Release|Any CPU.ActiveCfg = Release|Any CPU
		{8FEE019F-C34A-4B42-9103-7033BC80F691}.Release|Any CPU.Build.0 = Release|Any CPU
		{F0A6754D-BA3B-4C30-9606-BFF736DAFA0F}.Debug|Any CPU.ActiveCfg = Debug|Any CPU
		{F0A6754D-BA3B-4C30-9606-BFF736DAFA0F}.Debug|Any CPU.Build.0 = Debug|Any CPU
		{F0A6754D-BA3B-4C30-9606-BFF736DAFA0F}.Release|Any CPU.ActiveCfg = Release|Any CPU
		{F0A6754D-BA3B-4C30-9606-BFF736DAFA0F}.Release|Any CPU.Build.0 = Release|Any CPU
		{1A80822B-69C2-4434-8BC1-9EC3D0D944BF}.Debug|Any CPU.ActiveCfg = Debug|Any CPU
		{1A80822B-69C2-4434-8BC1-9EC3D0D944BF}.Debug|Any CPU.Build.0 = Debug|Any CPU
		{1A80822B-69C2-4434-8BC1-9EC3D0D944BF}.Release|Any CPU.ActiveCfg = Release|Any CPU
		{1A80822B-69C2-4434-8BC1-9EC3D0D944BF}.Release|Any CPU.Build.0 = Release|Any CPU
		{664964D3-DFB1-48B5-8B69-7E5D8B558AAE}.Debug|Any CPU.ActiveCfg = Debug|Any CPU
		{664964D3-DFB1-48B5-8B69-7E5D8B558AAE}.Debug|Any CPU.Build.0 = Debug|Any CPU
		{664964D3-DFB1-48B5-8B69-7E5D8B558AAE}.Release|Any CPU.ActiveCfg = Release|Any CPU
		{664964D3-DFB1-48B5-8B69-7E5D8B558AAE}.Release|Any CPU.Build.0 = Release|Any CPU
	EndGlobalSection
	GlobalSection(SolutionProperties) = preSolution
		HideSolutionNode = FALSE
	EndGlobalSection
	GlobalSection(NestedProjects) = preSolution
		{53059D46-B19E-484C-8845-EF6201854CEC} = {F1D3A520-3012-478A-91F5-07F8B7B833DD}
		{F1D3A520-3012-478A-91F5-07F8B7B833DD} = {4BC11D64-70B2-47C5-91B5-CD5F1EB21AEF}
		{94CC8B1F-BF86-425D-943D-356C0AA8AC82} = {4BC11D64-70B2-47C5-91B5-CD5F1EB21AEF}
		{8AE4F01E-7F02-473E-BCD9-6C57C26968C5} = {94CC8B1F-BF86-425D-943D-356C0AA8AC82}
		{C304F959-F0C4-453B-AC5F-AB3CBE0B8178} = {4BC11D64-70B2-47C5-91B5-CD5F1EB21AEF}
		{AE9FDE2D-5B49-4A8B-AD52-C91785D4179E} = {C304F959-F0C4-453B-AC5F-AB3CBE0B8178}
		{CEDCDD96-B804-4EE8-A2A7-264F278A4227} = {4BC11D64-70B2-47C5-91B5-CD5F1EB21AEF}
		{50490640-351A-4F52-80CD-62085079F0A9} = {CEDCDD96-B804-4EE8-A2A7-264F278A4227}
		{8FEE019F-C34A-4B42-9103-7033BC80F691} = {C304F959-F0C4-453B-AC5F-AB3CBE0B8178}
		{F0A6754D-BA3B-4C30-9606-BFF736DAFA0F} = {C304F959-F0C4-453B-AC5F-AB3CBE0B8178}
		{1A80822B-69C2-4434-8BC1-9EC3D0D944BF} = {94CC8B1F-BF86-425D-943D-356C0AA8AC82}
		{664964D3-DFB1-48B5-8B69-7E5D8B558AAE} = {F1D3A520-3012-478A-91F5-07F8B7B833DD}
	EndGlobalSection
	GlobalSection(ExtensibilityGlobals) = postSolution
		SolutionGuid = {27325138-8EB3-4014-A482-387906C27F55}
	EndGlobalSection
EndGlobal
